
Microsoft Visual Studio Solution File, Format Version 11.00
# Visual Studio 2010
Project("{FAE04EC0-301F-11D3-BF4B-00C04F79EFBC}") = "Localization", "Localization\Localization.csproj", "{06A775E3-9788-4C7C-9E1E-4089B9BE0A07}"
EndProject
Project("{FAE04EC0-301F-11D3-BF4B-00C04F79EFBC}") = "LocMvc", "LocMvc\LocMvc.csproj", "{86100EFF-E806-45BE-8B75-1CEFF3350C26}"
EndProject
Project("{FAE04EC0-301F-11D3-BF4B-00C04F79EFBC}") = "LocalizationASP", "LocalizationASP\LocalizationASP.csproj", "{BD05FC87-3945-49C4-BA93-46A435C0DE63}"
EndProject
Project("{FAE04EC0-301F-11D3-BF4B-00C04F79EFBC}") = "LocAsp", "LocAsp\LocAsp.csproj", "{3D4A07B9-F5A4-4162-AE78-F28899427D64}"
EndProject
Global
	GlobalSection(SolutionConfigurationPlatforms) = preSolution
		Debug|Any CPU = Debug|Any CPU
		Release|Any CPU = Release|Any CPU
	EndGlobalSection
	GlobalSection(ProjectConfigurationPlatforms) = postSolution
		{06A775E3-9788-4C7C-9E1E-4089B9BE0A07}.Debug|Any CPU.ActiveCfg = Debug|Any CPU
		{06A775E3-9788-4C7C-9E1E-4089B9BE0A07}.Debug|Any CPU.Build.0 = Debug|Any CPU
		{06A775E3-9788-4C7C-9E1E-4089B9BE0A07}.Release|Any CPU.ActiveCfg = Release|Any CPU
		{06A775E3-9788-4C7C-9E1E-4089B9BE0A07}.Release|Any CPU.Build.0 = Release|Any CPU
		{86100EFF-E806-45BE-8B75-1CEFF3350C26}.Debug|Any CPU.ActiveCfg = Debug|Any CPU
		{86100EFF-E806-45BE-8B75-1CEFF3350C26}.Debug|Any CPU.Build.0 = Debug|Any CPU
		{86100EFF-E806-45BE-8B75-1CEFF3350C26}.Release|Any CPU.ActiveCfg = Release|Any CPU
		{86100EFF-E806-45BE-8B75-1CEFF3350C26}.Release|Any CPU.Build.0 = Release|Any CPU
		{BD05FC87-3945-49C4-BA93-46A435C0DE63}.Debug|Any CPU.ActiveCfg = Debug|Any CPU
		{BD05FC87-3945-49C4-BA93-46A435C0DE63}.Debug|Any CPU.Build.0 = Debug|Any CPU
		{BD05FC87-3945-49C4-BA93-46A435C0DE63}.Release|Any CPU.ActiveCfg = Release|Any CPU
		{BD05FC87-3945-49C4-BA93-46A435C0DE63}.Release|Any CPU.Build.0 = Release|Any CPU
		{3D4A07B9-F5A4-4162-AE78-F28899427D64}.Debug|Any CPU.ActiveCfg = Debug|Any CPU
		{3D4A07B9-F5A4-4162-AE78-F28899427D64}.Debug|Any CPU.Build.0 = Debug|Any CPU
		{3D4A07B9-F5A4-4162-AE78-F28899427D64}.Release|Any CPU.ActiveCfg = Release|Any CPU
		{3D4A07B9-F5A4-4162-AE78-F28899427D64}.Release|Any CPU.Build.0 = Release|Any CPU
	EndGlobalSection
	GlobalSection(SolutionProperties) = preSolution
		HideSolutionNode = FALSE
	EndGlobalSection
EndGlobal
